// !$*UTF8*$!
{
	archiveVersion = 1;
	classes = {
	};
	objectVersion = 46;
	objects = {

/* Begin PBXBuildFile section */
		A3B8958E1ED4106D00C0209D /* AppDelegate.swift in Sources */ = {isa = PBXBuildFile; fileRef = A3B8958D1ED4106D00C0209D /* AppDelegate.swift */; };
		A3B895901ED4106D00C0209D /* ViewController.swift in Sources */ = {isa = PBXBuildFile; fileRef = A3B8958F1ED4106D00C0209D /* ViewController.swift */; };
		A3B895931ED4106D00C0209D /* Main.storyboard in Resources */ = {isa = PBXBuildFile; fileRef = A3B895911ED4106D00C0209D /* Main.storyboard */; };
		A3B895961ED4106D00C0209D /* KangarooPointClimbing.xcdatamodeld in Sources */ = {isa = PBXBuildFile; fileRef = A3B895941ED4106D00C0209D /* KangarooPointClimbing.xcdatamodeld */; };
		A3B895981ED4106D00C0209D /* Assets.xcassets in Resources */ = {isa = PBXBuildFile; fileRef = A3B895971ED4106D00C0209D /* Assets.xcassets */; };
		A3B8959B1ED4106D00C0209D /* LaunchScreen.storyboard in Resources */ = {isa = PBXBuildFile; fileRef = A3B895991ED4106D00C0209D /* LaunchScreen.storyboard */; };
		A3B895A61ED4106D00C0209D /* KangarooPointClimbingTests.swift in Sources */ = {isa = PBXBuildFile; fileRef = A3B895A51ED4106D00C0209D /* KangarooPointClimbingTests.swift */; };
		A3B895B11ED4106D00C0209D /* KangarooPointClimbingUITests.swift in Sources */ = {isa = PBXBuildFile; fileRef = A3B895B01ED4106D00C0209D /* KangarooPointClimbingUITests.swift */; };
/* End PBXBuildFile section */

/* Begin PBXContainerItemProxy section */
		A3B895A21ED4106D00C0209D /* PBXContainerItemProxy */ = {
			isa = PBXContainerItemProxy;
			containerPortal = A3B895821ED4106C00C0209D /* Project object */;
			proxyType = 1;
			remoteGlobalIDString = A3B895891ED4106D00C0209D;
			remoteInfo = KangarooPointClimbing;
		};
		A3B895AD1ED4106D00C0209D /* PBXContainerItemProxy */ = {
			isa = PBXContainerItemProxy;
			containerPortal = A3B895821ED4106C00C0209D /* Project object */;
			proxyType = 1;
			remoteGlobalIDString = A3B895891ED4106D00C0209D;
			remoteInfo = KangarooPointClimbing;
		};
/* End PBXContainerItemProxy section */

/* Begin PBXFileReference section */
		A3B8958A1ED4106D00C0209D /* KangarooPointClimbing.app */ = {isa = PBXFileReference; explicitFileType = wrapper.application; includeInIndex = 0; path = KangarooPointClimbing.app; sourceTree = BUILT_PRODUCTS_DIR; };
		A3B8958D1ED4106D00C0209D /* AppDelegate.swift */ = {isa = PBXFileReference; lastKnownFileType = sourcecode.swift; path = AppDelegate.swift; sourceTree = "<group>"; };
		A3B8958F1ED4106D00C0209D /* ViewController.swift */ = {isa = PBXFileReference; lastKnownFileType = sourcecode.swift; path = ViewController.swift; sourceTree = "<group>"; };
		A3B895921ED4106D00C0209D /* Base */ = {isa = PBXFileReference; lastKnownFileType = file.storyboard; name = Base; path = Base.lproj/Main.storyboard; sourceTree = "<group>"; };
		A3B895951ED4106D00C0209D /* KangarooPointClimbing.xcdatamodel */ = {isa = PBXFileReference; lastKnownFileType = wrapper.xcdatamodel; path = KangarooPointClimbing.xcdatamodel; sourceTree = "<group>"; };
		A3B895971ED4106D00C0209D /* Assets.xcassets */ = {isa = PBXFileReference; lastKnownFileType = folder.assetcatalog; path = Assets.xcassets; sourceTree = "<group>"; };
		A3B8959A1ED4106D00C0209D /* Base */ = {isa = PBXFileReference; lastKnownFileType = file.storyboard; name = Base; path = Base.lproj/LaunchScreen.storyboard; sourceTree = "<group>"; };
		A3B8959C1ED4106D00C0209D /* Info.plist */ = {isa = PBXFileReference; lastKnownFileType = text.plist.xml; path = Info.plist; sourceTree = "<group>"; };
		A3B895A11ED4106D00C0209D /* KangarooPointClimbingTests.xctest */ = {isa = PBXFileReference; explicitFileType = wrapper.cfbundle; includeInIndex = 0; path = KangarooPointClimbingTests.xctest; sourceTree = BUILT_PRODUCTS_DIR; };
		A3B895A51ED4106D00C0209D /* KangarooPointClimbingTests.swift */ = {isa = PBXFileReference; lastKnownFileType = sourcecode.swift; path = KangarooPointClimbingTests.swift; sourceTree = "<group>"; };
		A3B895A71ED4106D00C0209D /* Info.plist */ = {isa = PBXFileReference; lastKnownFileType = text.plist.xml; path = Info.plist; sourceTree = "<group>"; };
		A3B895AC1ED4106D00C0209D /* KangarooPointClimbingUITests.xctest */ = {isa = PBXFileReference; explicitFileType = wrapper.cfbundle; includeInIndex = 0; path = KangarooPointClimbingUITests.xctest; sourceTree = BUILT_PRODUCTS_DIR; };
		A3B895B01ED4106D00C0209D /* KangarooPointClimbingUITests.swift */ = {isa = PBXFileReference; lastKnownFileType = sourcecode.swift; path = KangarooPointClimbingUITests.swift; sourceTree = "<group>"; };
		A3B895B21ED4106D00C0209D /* Info.plist */ = {isa = PBXFileReference; lastKnownFileType = text.plist.xml; path = Info.plist; sourceTree = "<group>"; };
/* End PBXFileReference section */

/* Begin PBXFrameworksBuildPhase section */
		A3B895871ED4106D00C0209D /* Frameworks */ = {
			isa = PBXFrameworksBuildPhase;
			buildActionMask = 2147483647;
			files = (
			);
			runOnlyForDeploymentPostprocessing = 0;
		};
		A3B8959E1ED4106D00C0209D /* Frameworks */ = {
			isa = PBXFrameworksBuildPhase;
			buildActionMask = 2147483647;
			files = (
			);
			runOnlyForDeploymentPostprocessing = 0;
		};
		A3B895A91ED4106D00C0209D /* Frameworks */ = {
			isa = PBXFrameworksBuildPhase;
			buildActionMask = 2147483647;
			files = (
			);
			runOnlyForDeploymentPostprocessing = 0;
		};
/* End PBXFrameworksBuildPhase section */

/* Begin PBXGroup section */
		A3B895811ED4106C00C0209D = {
			isa = PBXGroup;
			children = (
				A3B8958C1ED4106D00C0209D /* KangarooPointClimbing */,
				A3B895A41ED4106D00C0209D /* KangarooPointClimbingTests */,
				A3B895AF1ED4106D00C0209D /* KangarooPointClimbingUITests */,
				A3B8958B1ED4106D00C0209D /* Products */,
			);
			sourceTree = "<group>";
		};
		A3B8958B1ED4106D00C0209D /* Products */ = {
			isa = PBXGroup;
			children = (
				A3B8958A1ED4106D00C0209D /* KangarooPointClimbing.app */,
				A3B895A11ED4106D00C0209D /* KangarooPointClimbingTests.xctest */,
				A3B895AC1ED4106D00C0209D /* KangarooPointClimbingUITests.xctest */,
			);
			name = Products;
			sourceTree = "<group>";
		};
		A3B8958C1ED4106D00C0209D /* KangarooPointClimbing */ = {
			isa = PBXGroup;
			children = (
				A3B8958D1ED4106D00C0209D /* AppDelegate.swift */,
				A3B8958F1ED4106D00C0209D /* ViewController.swift */,
				A3B895911ED4106D00C0209D /* Main.storyboard */,
				A3B895971ED4106D00C0209D /* Assets.xcassets */,
				A3B895991ED4106D00C0209D /* LaunchScreen.storyboard */,
				A3B8959C1ED4106D00C0209D /* Info.plist */,
				A3B895941ED4106D00C0209D /* KangarooPointClimbing.xcdatamodeld */,
			);
			path = KangarooPointClimbing;
			sourceTree = "<group>";
		};
		A3B895A41ED4106D00C0209D /* KangarooPointClimbingTests */ = {
			isa = PBXGroup;
			children = (
				A3B895A51ED4106D00C0209D /* KangarooPointClimbingTests.swift */,
				A3B895A71ED4106D00C0209D /* Info.plist */,
			);
			path = KangarooPointClimbingTests;
			sourceTree = "<group>";
		};
		A3B895AF1ED4106D00C0209D /* KangarooPointClimbingUITests */ = {
			isa = PBXGroup;
			children = (
				A3B895B01ED4106D00C0209D /* KangarooPointClimbingUITests.swift */,
				A3B895B21ED4106D00C0209D /* Info.plist */,
			);
			path = KangarooPointClimbingUITests;
			sourceTree = "<group>";
		};
/* End PBXGroup section */

/* Begin PBXNativeTarget section */
		A3B895891ED4106D00C0209D /* KangarooPointClimbing */ = {
			isa = PBXNativeTarget;
			buildConfigurationList = A3B895B51ED4106D00C0209D /* Build configuration list for PBXNativeTarget "KangarooPointClimbing" */;
			buildPhases = (
				A3B895861ED4106D00C0209D /* Sources */,
				A3B895871ED4106D00C0209D /* Frameworks */,
				A3B895881ED4106D00C0209D /* Resources */,
			);
			buildRules = (
			);
			dependencies = (
			);
			name = KangarooPointClimbing;
			productName = KangarooPointClimbing;
			productReference = A3B8958A1ED4106D00C0209D /* KangarooPointClimbing.app */;
			productType = "com.apple.product-type.application";
		};
		A3B895A01ED4106D00C0209D /* KangarooPointClimbingTests */ = {
			isa = PBXNativeTarget;
			buildConfigurationList = A3B895B81ED4106D00C0209D /* Build configuration list for PBXNativeTarget "KangarooPointClimbingTests" */;
			buildPhases = (
				A3B8959D1ED4106D00C0209D /* Sources */,
				A3B8959E1ED4106D00C0209D /* Frameworks */,
				A3B8959F1ED4106D00C0209D /* Resources */,
			);
			buildRules = (
			);
			dependencies = (
				A3B895A31ED4106D00C0209D /* PBXTargetDependency */,
			);
			name = KangarooPointClimbingTests;
			productName = KangarooPointClimbingTests;
			productReference = A3B895A11ED4106D00C0209D /* KangarooPointClimbingTests.xctest */;
			productType = "com.apple.product-type.bundle.unit-test";
		};
		A3B895AB1ED4106D00C0209D /* KangarooPointClimbingUITests */ = {
			isa = PBXNativeTarget;
			buildConfigurationList = A3B895BB1ED4106D00C0209D /* Build configuration list for PBXNativeTarget "KangarooPointClimbingUITests" */;
			buildPhases = (
				A3B895A81ED4106D00C0209D /* Sources */,
				A3B895A91ED4106D00C0209D /* Frameworks */,
				A3B895AA1ED4106D00C0209D /* Resources */,
			);
			buildRules = (
			);
			dependencies = (
				A3B895AE1ED4106D00C0209D /* PBXTargetDependency */,
			);
			name = KangarooPointClimbingUITests;
			productName = KangarooPointClimbingUITests;
			productReference = A3B895AC1ED4106D00C0209D /* KangarooPointClimbingUITests.xctest */;
			productType = "com.apple.product-type.bundle.ui-testing";
		};
/* End PBXNativeTarget section */

/* Begin PBXProject section */
		A3B895821ED4106C00C0209D /* Project object */ = {
			isa = PBXProject;
			attributes = {
				LastSwiftUpdateCheck = 0830;
				LastUpgradeCheck = 0830;
				ORGANIZATIONNAME = "Daniel Gormly";
				TargetAttributes = {
					A3B895891ED4106D00C0209D = {
						CreatedOnToolsVersion = 8.3.2;
						DevelopmentTeam = DVW823U8AX;
						ProvisioningStyle = Automatic;
					};
					A3B895A01ED4106D00C0209D = {
						CreatedOnToolsVersion = 8.3.2;
						DevelopmentTeam = DVW823U8AX;
						ProvisioningStyle = Automatic;
						TestTargetID = A3B895891ED4106D00C0209D;
					};
					A3B895AB1ED4106D00C0209D = {
						CreatedOnToolsVersion = 8.3.2;
						DevelopmentTeam = DVW823U8AX;
						ProvisioningStyle = Automatic;
						TestTargetID = A3B895891ED4106D00C0209D;
					};
				};
			};
			buildConfigurationList = A3B895851ED4106D00C0209D /* Build configuration list for PBXProject "KangarooPointClimbing" */;
			compatibilityVersion = "Xcode 3.2";
			developmentRegion = English;
			hasScannedForEncodings = 0;
			knownRegions = (
				en,
				Base,
			);
			mainGroup = A3B895811ED4106C00C0209D;
			productRefGroup = A3B8958B1ED4106D00C0209D /* Products */;
			projectDirPath = "";
			projectRoot = "";
			targets = (
				A3B895891ED4106D00C0209D /* KangarooPointClimbing */,
				A3B895A01ED4106D00C0209D /* KangarooPointClimbingTests */,
				A3B895AB1ED4106D00C0209D /* KangarooPointClimbingUITests */,
			);
		};
/* End PBXProject section */

/* Begin PBXResourcesBuildPhase section */
		A3B895881ED4106D00C0209D /* Resources */ = {
			isa = PBXResourcesBuildPhase;
			buildActionMask = 2147483647;
			files = (
				A3B8959B1ED4106D00C0209D /* LaunchScreen.storyboard in Resources */,
				A3B895981ED4106D00C0209D /* Assets.xcassets in Resources */,
				A3B895931ED4106D00C0209D /* Main.storyboard in Resources */,
			);
			runOnlyForDeploymentPostprocessing = 0;
		};
		A3B8959F1ED4106D00C0209D /* Resources */ = {
			isa = PBXResourcesBuildPhase;
			buildActionMask = 2147483647;
			files = (
			);
			runOnlyForDeploymentPostprocessing = 0;
		};
		A3B895AA1ED4106D00C0209D /* Resources */ = {
			isa = PBXResourcesBuildPhase;
			buildActionMask = 2147483647;
			files = (
			);
			runOnlyForDeploymentPostprocessing = 0;
		};
/* End PBXResourcesBuildPhase section */

/* Begin PBXSourcesBuildPhase section */
		A3B895861ED4106D00C0209D /* Sources */ = {
			isa = PBXSourcesBuildPhase;
			buildActionMask = 2147483647;
			files = (
				A3B895961ED4106D00C0209D /* KangarooPointClimbing.xcdatamodeld in Sources */,
				A3B895901ED4106D00C0209D /* ViewController.swift in Sources */,
				A3B8958E1ED4106D00C0209D /* AppDelegate.swift in Sources */,
			);
			runOnlyForDeploymentPostprocessing = 0;
		};
		A3B8959D1ED4106D00C0209D /* Sources */ = {
			isa = PBXSourcesBuildPhase;
			buildActionMask = 2147483647;
			files = (
				A3B895A61ED4106D00C0209D /* KangarooPointClimbingTests.swift in Sources */,
			);
			runOnlyForDeploymentPostprocessing = 0;
		};
		A3B895A81ED4106D00C0209D /* Sources */ = {
			isa = PBXSourcesBuildPhase;
			buildActionMask = 2147483647;
			files = (
				A3B895B11ED4106D00C0209D /* KangarooPointClimbingUITests.swift in Sources */,
			);
			runOnlyForDeploymentPostprocessing = 0;
		};
/* End PBXSourcesBuildPhase section */

/* Begin PBXTargetDependency section */
		A3B895A31ED4106D00C0209D /* PBXTargetDependency */ = {
			isa = PBXTargetDependency;
			target = A3B895891ED4106D00C0209D /* KangarooPointClimbing */;
			targetProxy = A3B895A21ED4106D00C0209D /* PBXContainerItemProxy */;
		};
		A3B895AE1ED4106D00C0209D /* PBXTargetDependency */ = {
			isa = PBXTargetDependency;
			target = A3B895891ED4106D00C0209D /* KangarooPointClimbing */;
			targetProxy = A3B895AD1ED4106D00C0209D /* PBXContainerItemProxy */;
		};
/* End PBXTargetDependency section */

/* Begin PBXVariantGroup section */
		A3B895911ED4106D00C0209D /* Main.storyboard */ = {
			isa = PBXVariantGroup;
			children = (
				A3B895921ED4106D00C0209D /* Base */,
			);
			name = Main.storyboard;
			sourceTree = "<group>";
		};
		A3B895991ED4106D00C0209D /* LaunchScreen.storyboard */ = {
			isa = PBXVariantGroup;
			children = (
				A3B8959A1ED4106D00C0209D /* Base */,
			);
			name = LaunchScreen.storyboard;
			sourceTree = "<group>";
		};
/* End PBXVariantGroup section */

/* Begin XCBuildConfiguration section */
		A3B895B31ED4106D00C0209D /* Debug */ = {
			isa = XCBuildConfiguration;
			buildSettings = {
				ALWAYS_SEARCH_USER_PATHS = NO;
				CLANG_ANALYZER_NONNULL = YES;
				CLANG_ANALYZER_NUMBER_OBJECT_CONVERSION = YES_AGGRESSIVE;
				CLANG_CXX_LANGUAGE_STANDARD = "gnu++0x";
				CLANG_CXX_LIBRARY = "libc++";
				CLANG_ENABLE_MODULES = YES;
				CLANG_ENABLE_OBJC_ARC = YES;
				CLANG_WARN_BOOL_CONVERSION = YES;
				CLANG_WARN_CONSTANT_CONVERSION = YES;
				CLANG_WARN_DIRECT_OBJC_ISA_USAGE = YES_ERROR;
				CLANG_WARN_DOCUMENTATION_COMMENTS = YES;
				CLANG_WARN_EMPTY_BODY = YES;
				CLANG_WARN_ENUM_CONVERSION = YES;
				CLANG_WARN_INFINITE_RECURSION = YES;
				CLANG_WARN_INT_CONVERSION = YES;
				CLANG_WARN_OBJC_ROOT_CLASS = YES_ERROR;
				CLANG_WARN_SUSPICIOUS_MOVE = YES;
				CLANG_WARN_UNREACHABLE_CODE = YES;
				CLANG_WARN__DUPLICATE_METHOD_MATCH = YES;
				"CODE_SIGN_IDENTITY[sdk=iphoneos*]" = "iPhone Developer";
				COPY_PHASE_STRIP = NO;
				DEBUG_INFORMATION_FORMAT = dwarf;
				ENABLE_STRICT_OBJC_MSGSEND = YES;
				ENABLE_TESTABILITY = YES;
				GCC_C_LANGUAGE_STANDARD = gnu99;
				GCC_DYNAMIC_NO_PIC = NO;
				GCC_NO_COMMON_BLOCKS = YES;
				GCC_OPTIMIZATION_LEVEL = 0;
				GCC_PREPROCESSOR_DEFINITIONS = (
					"DEBUG=1",
					"$(inherited)",
				);
				GCC_WARN_64_TO_32_BIT_CONVERSION = YES;
				GCC_WARN_ABOUT_RETURN_TYPE = YES_ERROR;
				GCC_WARN_UNDECLARED_SELECTOR = YES;
				GCC_WARN_UNINITIALIZED_AUTOS = YES_AGGRESSIVE;
				GCC_WARN_UNUSED_FUNCTION = YES;
				GCC_WARN_UNUSED_VARIABLE = YES;
				IPHONEOS_DEPLOYMENT_TARGET = 10.3;
				MTL_ENABLE_DEBUG_INFO = YES;
				ONLY_ACTIVE_ARCH = YES;
				SDKROOT = iphoneos;
				SWIFT_ACTIVE_COMPILATION_CONDITIONS = DEBUG;
				SWIFT_OPTIMIZATION_LEVEL = "-Onone";
			};
			name = Debug;
		};
		A3B895B41ED4106D00C0209D /* Release */ = {
			isa = XCBuildConfiguration;
			buildSettings = {
				ALWAYS_SEARCH_USER_PATHS = NO;
				CLANG_ANALYZER_NONNULL = YES;
				CLANG_ANALYZER_NUMBER_OBJECT_CONVERSION = YES_AGGRESSIVE;
				CLANG_CXX_LANGUAGE_STANDARD = "gnu++0x";
				CLANG_CXX_LIBRARY = "libc++";
				CLANG_ENABLE_MODULES = YES;
				CLANG_ENABLE_OBJC_ARC = YES;
				CLANG_WARN_BOOL_CONVERSION = YES;
				CLANG_WARN_CONSTANT_CONVERSION = YES;
				CLANG_WARN_DIRECT_OBJC_ISA_USAGE = YES_ERROR;
				CLANG_WARN_DOCUMENTATION_COMMENTS = YES;
				CLANG_WARN_EMPTY_BODY = YES;
				CLANG_WARN_ENUM_CONVERSION = YES;
				CLANG_WARN_INFINITE_RECURSION = YES;
				CLANG_WARN_INT_CONVERSION = YES;
				CLANG_WARN_OBJC_ROOT_CLASS = YES_ERROR;
				CLANG_WARN_SUSPICIOUS_MOVE = YES;
				CLANG_WARN_UNREACHABLE_CODE = YES;
				CLANG_WARN__DUPLICATE_METHOD_MATCH = YES;
				"CODE_SIGN_IDENTITY[sdk=iphoneos*]" = "iPhone Developer";
				COPY_PHASE_STRIP = NO;
				DEBUG_INFORMATION_FORMAT = "dwarf-with-dsym";
				ENABLE_NS_ASSERTIONS = NO;
				ENABLE_STRICT_OBJC_MSGSEND = YES;
				GCC_C_LANGUAGE_STANDARD = gnu99;
				GCC_NO_COMMON_BLOCKS = YES;
				GCC_WARN_64_TO_32_BIT_CONVERSION = YES;
				GCC_WARN_ABOUT_RETURN_TYPE = YES_ERROR;
				GCC_WARN_UNDECLARED_SELECTOR = YES;
				GCC_WARN_UNINITIALIZED_AUTOS = YES_AGGRESSIVE;
				GCC_WARN_UNUSED_FUNCTION = YES;
				GCC_WARN_UNUSED_VARIABLE = YES;
				IPHONEOS_DEPLOYMENT_TARGET = 10.3;
				MTL_ENABLE_DEBUG_INFO = NO;
				SDKROOT = iphoneos;
				SWIFT_OPTIMIZATION_LEVEL = "-Owholemodule";
				VALIDATE_PRODUCT = YES;
			};
			name = Release;
		};
		A3B895B61ED4106D00C0209D /* Debug */ = {
			isa = XCBuildConfiguration;
			buildSettings = {
				ASSETCATALOG_COMPILER_APPICON_NAME = AppIcon;
				DEVELOPMENT_TEAM = DVW823U8AX;
				INFOPLIST_FILE = KangarooPointClimbing/Info.plist;
				LD_RUNPATH_SEARCH_PATHS = "$(inherited) @executable_path/Frameworks";
				PRODUCT_BUNDLE_IDENTIFIER = com.procrastix.climbing.KangarooPointClimbing;
				PRODUCT_NAME = "$(TARGET_NAME)";
				SWIFT_VERSION = 3.0;
			};
			name = Debug;
		};
		A3B895B71ED4106D00C0209D /* Release */ = {
			isa = XCBuildConfiguration;
			buildSettings = {
				ASSETCATALOG_COMPILER_APPICON_NAME = AppIcon;
				DEVELOPMENT_TEAM = DVW823U8AX;
				INFOPLIST_FILE = KangarooPointClimbing/Info.plist;
				LD_RUNPATH_SEARCH_PATHS = "$(inherited) @executable_path/Frameworks";
				PRODUCT_BUNDLE_IDENTIFIER = com.procrastix.climbing.KangarooPointClimbing;
				PRODUCT_NAME = "$(TARGET_NAME)";
				SWIFT_VERSION = 3.0;
			};
			name = Release;
		};
		A3B895B91ED4106D00C0209D /* Debug */ = {
			isa = XCBuildConfiguration;
			buildSettings = {
				ALWAYS_EMBED_SWIFT_STANDARD_LIBRARIES = YES;
				BUNDLE_LOADER = "$(TEST_HOST)";
				DEVELOPMENT_TEAM = DVW823U8AX;
				INFOPLIST_FILE = KangarooPointClimbingTests/Info.plist;
				LD_RUNPATH_SEARCH_PATHS = "$(inherited) @executable_path/Frameworks @loader_path/Frameworks";
				PRODUCT_BUNDLE_IDENTIFIER = com.procrastix.climbing.KangarooPointClimbingTests;
				PRODUCT_NAME = "$(TARGET_NAME)";
				SWIFT_VERSION = 3.0;
				TEST_HOST = "$(BUILT_PRODUCTS_DIR)/KangarooPointClimbing.app/KangarooPointClimbing";
			};
			name = Debug;
		};
		A3B895BA1ED4106D00C0209D /* Release */ = {
			isa = XCBuildConfiguration;
			buildSettings = {
				ALWAYS_EMBED_SWIFT_STANDARD_LIBRARIES = YES;
				BUNDLE_LOADER = "$(TEST_HOST)";
				DEVELOPMENT_TEAM = DVW823U8AX;
				INFOPLIST_FILE = KangarooPointClimbingTests/Info.plist;
				LD_RUNPATH_SEARCH_PATHS = "$(inherited) @executable_path/Frameworks @loader_path/Frameworks";
				PRODUCT_BUNDLE_IDENTIFIER = com.procrastix.climbing.KangarooPointClimbingTests;
				PRODUCT_NAME = "$(TARGET_NAME)";
				SWIFT_VERSION = 3.0;
				TEST_HOST = "$(BUILT_PRODUCTS_DIR)/KangarooPointClimbing.app/KangarooPointClimbing";
			};
			name = Release;
		};
		A3B895BC1ED4106D00C0209D /* Debug */ = {
			isa = XCBuildConfiguration;
			buildSettings = {
				ALWAYS_EMBED_SWIFT_STANDARD_LIBRARIES = YES;
				DEVELOPMENT_TEAM = DVW823U8AX;
				INFOPLIST_FILE = KangarooPointClimbingUITests/Info.plist;
				LD_RUNPATH_SEARCH_PATHS = "$(inherited) @executable_path/Frameworks @loader_path/Frameworks";
				PRODUCT_BUNDLE_IDENTIFIER = com.procrastix.climbing.KangarooPointClimbingUITests;
				PRODUCT_NAME = "$(TARGET_NAME)";
				SWIFT_VERSION = 3.0;
				TEST_TARGET_NAME = KangarooPointClimbing;
			};
			name = Debug;
		};
		A3B895BD1ED4106D00C0209D /* Release */ = {
			isa = XCBuildConfiguration;
			buildSettings = {
				ALWAYS_EMBED_SWIFT_STANDARD_LIBRARIES = YES;
				DEVELOPMENT_TEAM = DVW823U8AX;
				INFOPLIST_FILE = KangarooPointClimbingUITests/Info.plist;
				LD_RUNPATH_SEARCH_PATHS = "$(inherited) @executable_path/Frameworks @loader_path/Frameworks";
				PRODUCT_BUNDLE_IDENTIFIER = com.procrastix.climbing.KangarooPointClimbingUITests;
				PRODUCT_NAME = "$(TARGET_NAME)";
				SWIFT_VERSION = 3.0;
				TEST_TARGET_NAME = KangarooPointClimbing;
			};
			name = Release;
		};
/* End XCBuildConfiguration section */

/* Begin XCConfigurationList section */
		A3B895851ED4106D00C0209D /* Build configuration list for PBXProject "KangarooPointClimbing" */ = {
			isa = XCConfigurationList;
			buildConfigurations = (
				A3B895B31ED4106D00C0209D /* Debug */,
				A3B895B41ED4106D00C0209D /* Release */,
			);
			defaultConfigurationIsVisible = 0;
			defaultConfigurationName = Release;
		};
		A3B895B51ED4106D00C0209D /* Build configuration list for PBXNativeTarget "KangarooPointClimbing" */ = {
			isa = XCConfigurationList;
			buildConfigurations = (
				A3B895B61ED4106D00C0209D /* Debug */,
				A3B895B71ED4106D00C0209D /* Release */,
			);
			defaultConfigurationIsVisible = 0;
		};
		A3B895B81ED4106D00C0209D /* Build configuration list for PBXNativeTarget "KangarooPointClimbingTests" */ = {
			isa = XCConfigurationList;
			buildConfigurations = (
				A3B895B91ED4106D00C0209D /* Debug */,
				A3B895BA1ED4106D00C0209D /* Release */,
			);
			defaultConfigurationIsVisible = 0;
		};
		A3B895BB1ED4106D00C0209D /* Build configuration list for PBXNativeTarget "KangarooPointClimbingUITests" */ = {
			isa = XCConfigurationList;
			buildConfigurations = (
				A3B895BC1ED4106D00C0209D /* Debug */,
				A3B895BD1ED4106D00C0209D /* Release */,
			);
			defaultConfigurationIsVisible = 0;
		};
/* End XCConfigurationList section */

/* Begin XCVersionGroup section */
		A3B895941ED4106D00C0209D /* KangarooPointClimbing.xcdatamodeld */ = {
			isa = XCVersionGroup;
			children = (
				A3B895951ED4106D00C0209D /* KangarooPointClimbing.xcdatamodel */,
			);
			currentVersion = A3B895951ED4106D00C0209D /* KangarooPointClimbing.xcdatamodel */;
			path = KangarooPointClimbing.xcdatamodeld;
			sourceTree = "<group>";
			versionGroupType = wrapper.xcdatamodel;
		};
/* End XCVersionGroup section */
	};
	rootObject = A3B895821ED4106C00C0209D /* Project object */;
}
